
Microsoft Visual Studio Solution File, Format Version 12.00
# Visual Studio Version 17
VisualStudioVersion = 17.3.32811.315
MinimumVisualStudioVersion = 10.0.40219.1
Project("{9A19103F-16F7-4668-BE54-9A1E7A4F7556}") = "WebAPI", "WebAPI\WebAPI.csproj", "{D5B3A722-D9EC-4860-B906-99FC91C86D45}"
EndProject
Project("{9A19103F-16F7-4668-BE54-9A1E7A4F7556}") = "Tests", "Tests\Tests.csproj", "{7B861CD7-E372-453C-AD55-070CBE49AD9A}"
EndProject
Project("{9A19103F-16F7-4668-BE54-9A1E7A4F7556}") = "Business", "Business\Business.csproj", "{F02E9193-635F-4BB4-813C-DD134B869564}"
EndProject
Project("{9A19103F-16F7-4668-BE54-9A1E7A4F7556}") = "DataAccess", "DataAccess\DataAccess.csproj", "{83E235C8-9715-49C2-955D-C8B33022A2FC}"
EndProject
Project("{9A19103F-16F7-4668-BE54-9A1E7A4F7556}") = "Core", "Core\Core.csproj", "{67F9A9EF-51B1-4884-A64F-C50DF5D08788}"
EndProject
Project("{9A19103F-16F7-4668-BE54-9A1E7A4F7556}") = "Entities", "Entities\Entities.csproj", "{A423660D-6F7C-4FD7-87C8-095DADE32562}"
EndProject
Project("{9A19103F-16F7-4668-BE54-9A1E7A4F7556}") = "UIPreparation", "UIPreparation\UIPreparation.csproj", "{C821B434-A92A-429E-9A83-A454293939C3}"
EndProject
Global
	GlobalSection(SolutionConfigurationPlatforms) = preSolution
		Debug|Any CPU = Debug|Any CPU
		Release|Any CPU = Release|Any CPU
	EndGlobalSection
	GlobalSection(ProjectConfigurationPlatforms) = postSolution
		{D5B3A722-D9EC-4860-B906-99FC91C86D45}.Debug|Any CPU.ActiveCfg = Debug|Any CPU
		{D5B3A722-D9EC-4860-B906-99FC91C86D45}.Debug|Any CPU.Build.0 = Debug|Any CPU
		{D5B3A722-D9EC-4860-B906-99FC91C86D45}.Release|Any CPU.ActiveCfg = Release|Any CPU
		{D5B3A722-D9EC-4860-B906-99FC91C86D45}.Release|Any CPU.Build.0 = Release|Any CPU
		{7B861CD7-E372-453C-AD55-070CBE49AD9A}.Debug|Any CPU.ActiveCfg = Debug|Any CPU
		{7B861CD7-E372-453C-AD55-070CBE49AD9A}.Debug|Any CPU.Build.0 = Debug|Any CPU
		{7B861CD7-E372-453C-AD55-070CBE49AD9A}.Release|Any CPU.ActiveCfg = Release|Any CPU
		{7B861CD7-E372-453C-AD55-070CBE49AD9A}.Release|Any CPU.Build.0 = Release|Any CPU
		{F02E9193-635F-4BB4-813C-DD134B869564}.Debug|Any CPU.ActiveCfg = Debug|Any CPU
		{F02E9193-635F-4BB4-813C-DD134B869564}.Debug|Any CPU.Build.0 = Debug|Any CPU
		{F02E9193-635F-4BB4-813C-DD134B869564}.Release|Any CPU.ActiveCfg = Release|Any CPU
		{F02E9193-635F-4BB4-813C-DD134B869564}.Release|Any CPU.Build.0 = Release|Any CPU
		{83E235C8-9715-49C2-955D-C8B33022A2FC}.Debug|Any CPU.ActiveCfg = Debug|Any CPU
		{83E235C8-9715-49C2-955D-C8B33022A2FC}.Debug|Any CPU.Build.0 = Debug|Any CPU
		{83E235C8-9715-49C2-955D-C8B33022A2FC}.Release|Any CPU.ActiveCfg = Release|Any CPU
		{83E235C8-9715-49C2-955D-C8B33022A2FC}.Release|Any CPU.Build.0 = Release|Any CPU
		{67F9A9EF-51B1-4884-A64F-C50DF5D08788}.Debug|Any CPU.ActiveCfg = Debug|Any CPU
		{67F9A9EF-51B1-4884-A64F-C50DF5D08788}.Debug|Any CPU.Build.0 = Debug|Any CPU
		{67F9A9EF-51B1-4884-A64F-C50DF5D08788}.Release|Any CPU.ActiveCfg = Release|Any CPU
		{67F9A9EF-51B1-4884-A64F-C50DF5D08788}.Release|Any CPU.Build.0 = Release|Any CPU
		{A423660D-6F7C-4FD7-87C8-095DADE32562}.Debug|Any CPU.ActiveCfg = Debug|Any CPU
		{A423660D-6F7C-4FD7-87C8-095DADE32562}.Debug|Any CPU.Build.0 = Debug|Any CPU
		{A423660D-6F7C-4FD7-87C8-095DADE32562}.Release|Any CPU.ActiveCfg = Release|Any CPU
		{A423660D-6F7C-4FD7-87C8-095DADE32562}.Release|Any CPU.Build.0 = Release|Any CPU
		{C821B434-A92A-429E-9A83-A454293939C3}.Debug|Any CPU.ActiveCfg = Debug|Any CPU
		{C821B434-A92A-429E-9A83-A454293939C3}.Debug|Any CPU.Build.0 = Debug|Any CPU
		{C821B434-A92A-429E-9A83-A454293939C3}.Release|Any CPU.ActiveCfg = Release|Any CPU
		{C821B434-A92A-429E-9A83-A454293939C3}.Release|Any CPU.Build.0 = Release|Any CPU
	EndGlobalSection
	GlobalSection(SolutionProperties) = preSolution
		HideSolutionNode = FALSE
	EndGlobalSection
	GlobalSection(ExtensibilityGlobals) = postSolution
		SolutionGuid = {46B7B861-E99B-4258-BB19-4B15F48AAFB3}
	EndGlobalSection
EndGlobal
